
Microsoft Visual Studio Solution File, Format Version 12.00
# Visual Studio 2012
Project("{FAE04EC0-301F-11D3-BF4B-00C04F79EFBC}") = "NewsNepal", "NewsNepal\NewsNepal.csproj", "{1CEAFB94-A128-48C0-AC0F-CFF533879212}"
EndProject
Project("{FAE04EC0-301F-11D3-BF4B-00C04F79EFBC}") = "NewsNepal.iOS", "iOS\NewsNepal.iOS.csproj", "{1180C781-9F11-4CB4-B3A0-6C9457F18EEA}"
EndProject
Project("{FAE04EC0-301F-11D3-BF4B-00C04F79EFBC}") = "NewsNepal.Droid", "Droid\NewsNepal.Droid.csproj", "{7EAB8E53-5980-4B60-93FE-2F197E34309F}"
EndProject
Global
	GlobalSection(SolutionConfigurationPlatforms) = preSolution
		Debug|Any CPU = Debug|Any CPU
		Release|Any CPU = Release|Any CPU
		Debug|iPhoneSimulator = Debug|iPhoneSimulator
		Release|iPhone = Release|iPhone
		Release|iPhoneSimulator = Release|iPhoneSimulator
		Debug|iPhone = Debug|iPhone
	EndGlobalSection
	GlobalSection(ProjectConfigurationPlatforms) = postSolution
		{1CEAFB94-A128-48C0-AC0F-CFF533879212}.Debug|Any CPU.ActiveCfg = Debug|Any CPU
		{1CEAFB94-A128-48C0-AC0F-CFF533879212}.Debug|Any CPU.Build.0 = Debug|Any CPU
		{1CEAFB94-A128-48C0-AC0F-CFF533879212}.Release|Any CPU.ActiveCfg = Release|Any CPU
		{1CEAFB94-A128-48C0-AC0F-CFF533879212}.Release|Any CPU.Build.0 = Release|Any CPU
		{1CEAFB94-A128-48C0-AC0F-CFF533879212}.Debug|iPhoneSimulator.ActiveCfg = Debug|Any CPU
		{1CEAFB94-A128-48C0-AC0F-CFF533879212}.Debug|iPhoneSimulator.Build.0 = Debug|Any CPU
		{1CEAFB94-A128-48C0-AC0F-CFF533879212}.Release|iPhone.ActiveCfg = Release|Any CPU
		{1CEAFB94-A128-48C0-AC0F-CFF533879212}.Release|iPhone.Build.0 = Release|Any CPU
		{1CEAFB94-A128-48C0-AC0F-CFF533879212}.Release|iPhoneSimulator.ActiveCfg = Release|Any CPU
		{1CEAFB94-A128-48C0-AC0F-CFF533879212}.Release|iPhoneSimulator.Build.0 = Release|Any CPU
		{1CEAFB94-A128-48C0-AC0F-CFF533879212}.Debug|iPhone.ActiveCfg = Debug|Any CPU
		{1CEAFB94-A128-48C0-AC0F-CFF533879212}.Debug|iPhone.Build.0 = Debug|Any CPU
		{1180C781-9F11-4CB4-B3A0-6C9457F18EEA}.Debug|Any CPU.ActiveCfg = Debug|iPhoneSimulator
		{1180C781-9F11-4CB4-B3A0-6C9457F18EEA}.Debug|Any CPU.Build.0 = Debug|iPhoneSimulator
		{1180C781-9F11-4CB4-B3A0-6C9457F18EEA}.Release|Any CPU.ActiveCfg = Release|iPhone
		{1180C781-9F11-4CB4-B3A0-6C9457F18EEA}.Release|Any CPU.Build.0 = Release|iPhone
		{1180C781-9F11-4CB4-B3A0-6C9457F18EEA}.Debug|iPhoneSimulator.ActiveCfg = Debug|iPhoneSimulator
		{1180C781-9F11-4CB4-B3A0-6C9457F18EEA}.Debug|iPhoneSimulator.Build.0 = Debug|iPhoneSimulator
		{1180C781-9F11-4CB4-B3A0-6C9457F18EEA}.Release|iPhone.ActiveCfg = Release|iPhone
		{1180C781-9F11-4CB4-B3A0-6C9457F18EEA}.Release|iPhone.Build.0 = Release|iPhone
		{1180C781-9F11-4CB4-B3A0-6C9457F18EEA}.Release|iPhoneSimulator.ActiveCfg = Release|iPhoneSimulator
		{1180C781-9F11-4CB4-B3A0-6C9457F18EEA}.Release|iPhoneSimulator.Build.0 = Release|iPhoneSimulator
		{1180C781-9F11-4CB4-B3A0-6C9457F18EEA}.Debug|iPhone.ActiveCfg = Debug|iPhone
		{1180C781-9F11-4CB4-B3A0-6C9457F18EEA}.Debug|iPhone.Build.0 = Debug|iPhone
		{7EAB8E53-5980-4B60-93FE-2F197E34309F}.Debug|Any CPU.ActiveCfg = Debug|Any CPU
		{7EAB8E53-5980-4B60-93FE-2F197E34309F}.Debug|Any CPU.Build.0 = Debug|Any CPU
		{7EAB8E53-5980-4B60-93FE-2F197E34309F}.Release|Any CPU.ActiveCfg = Release|Any CPU
		{7EAB8E53-5980-4B60-93FE-2F197E34309F}.Release|Any CPU.Build.0 = Release|Any CPU
		{7EAB8E53-5980-4B60-93FE-2F197E34309F}.Debug|iPhoneSimulator.ActiveCfg = Debug|Any CPU
		{7EAB8E53-5980-4B60-93FE-2F197E34309F}.Debug|iPhoneSimulator.Build.0 = Debug|Any CPU
		{7EAB8E53-5980-4B60-93FE-2F197E34309F}.Release|iPhone.ActiveCfg = Release|Any CPU
		{7EAB8E53-5980-4B60-93FE-2F197E34309F}.Release|iPhone.Build.0 = Release|Any CPU
		{7EAB8E53-5980-4B60-93FE-2F197E34309F}.Release|iPhoneSimulator.ActiveCfg = Release|Any CPU
		{7EAB8E53-5980-4B60-93FE-2F197E34309F}.Release|iPhoneSimulator.Build.0 = Release|Any CPU
		{7EAB8E53-5980-4B60-93FE-2F197E34309F}.Debug|iPhone.ActiveCfg = Debug|Any CPU
		{7EAB8E53-5980-4B60-93FE-2F197E34309F}.Debug|iPhone.Build.0 = Debug|Any CPU
	EndGlobalSection
EndGlobal
